
Microsoft Visual Studio Solution File, Format Version 12.00
# Visual Studio 14
VisualStudioVersion = 14.0.25420.1
MinimumVisualStudioVersion = 10.0.40219.1
Project("{FAE04EC0-301F-11D3-BF4B-00C04F79EFBC}") = "ACD.App.iOS", "ACD.App.iOS\ACD.App.iOS.csproj", "{6A8C6C70-7D67-461F-A995-6E4DB459457E}"
EndProject
Project("{FAE04EC0-301F-11D3-BF4B-00C04F79EFBC}") = "ACD.App.WinPhone", "ACD.App.WinPhone\ACD.App.WinPhone.csproj", "{5053FFF8-C725-4F34-AD5E-B79CECC5EFCF}"
EndProject
Project("{D954291E-2A0B-460D-934E-DC6B0785DB48}") = "ACD.Shared", "ACD.Shared\ACD.Shared.shproj", "{51D1ABD8-7C3C-47E8-976D-86FA3A9377A5}"
EndProject
Project("{FAE04EC0-301F-11D3-BF4B-00C04F79EFBC}") = "Tips.Android", "Tips.Android\Tips.Android.csproj", "{9F1A1E00-D90F-469F-A432-8231F2C459DD}"
EndProject
Global
	GlobalSection(SharedMSBuildProjectFiles) = preSolution
		ACD.Shared\ACD.Shared.projitems*{51d1abd8-7c3c-47e8-976d-86fa3a9377a5}*SharedItemsImports = 13
		ACD.Shared\ACD.Shared.projitems*{6a8c6c70-7d67-461f-a995-6e4db459457e}*SharedItemsImports = 4
		ACD.Shared\ACD.Shared.projitems*{9f1a1e00-d90f-469f-a432-8231f2c459dd}*SharedItemsImports = 4
	EndGlobalSection
	GlobalSection(SolutionConfigurationPlatforms) = preSolution
		Ad-Hoc|Any CPU = Ad-Hoc|Any CPU
		Ad-Hoc|ARM = Ad-Hoc|ARM
		Ad-Hoc|iPhone = Ad-Hoc|iPhone
		Ad-Hoc|iPhoneSimulator = Ad-Hoc|iPhoneSimulator
		Ad-Hoc|Mixed Platforms = Ad-Hoc|Mixed Platforms
		Ad-Hoc|x86 = Ad-Hoc|x86
		AppStore|Any CPU = AppStore|Any CPU
		AppStore|ARM = AppStore|ARM
		AppStore|iPhone = AppStore|iPhone
		AppStore|iPhoneSimulator = AppStore|iPhoneSimulator
		AppStore|Mixed Platforms = AppStore|Mixed Platforms
		AppStore|x86 = AppStore|x86
		Debug|Any CPU = Debug|Any CPU
		Debug|ARM = Debug|ARM
		Debug|iPhone = Debug|iPhone
		Debug|iPhoneSimulator = Debug|iPhoneSimulator
		Debug|Mixed Platforms = Debug|Mixed Platforms
		Debug|x86 = Debug|x86
		Release|Any CPU = Release|Any CPU
		Release|ARM = Release|ARM
		Release|iPhone = Release|iPhone
		Release|iPhoneSimulator = Release|iPhoneSimulator
		Release|Mixed Platforms = Release|Mixed Platforms
		Release|x86 = Release|x86
	EndGlobalSection
	GlobalSection(ProjectConfigurationPlatforms) = postSolution
		{6A8C6C70-7D67-461F-A995-6E4DB459457E}.Ad-Hoc|Any CPU.ActiveCfg = Ad-Hoc|iPhone
		{6A8C6C70-7D67-461F-A995-6E4DB459457E}.Ad-Hoc|ARM.ActiveCfg = Ad-Hoc|iPhone
		{6A8C6C70-7D67-461F-A995-6E4DB459457E}.Ad-Hoc|iPhone.ActiveCfg = Ad-Hoc|iPhone
		{6A8C6C70-7D67-461F-A995-6E4DB459457E}.Ad-Hoc|iPhone.Build.0 = Ad-Hoc|iPhone
		{6A8C6C70-7D67-461F-A995-6E4DB459457E}.Ad-Hoc|iPhone.Deploy.0 = Ad-Hoc|iPhone
		{6A8C6C70-7D67-461F-A995-6E4DB459457E}.Ad-Hoc|iPhoneSimulator.ActiveCfg = Ad-Hoc|iPhoneSimulator
		{6A8C6C70-7D67-461F-A995-6E4DB459457E}.Ad-Hoc|iPhoneSimulator.Build.0 = Ad-Hoc|iPhoneSimulator
		{6A8C6C70-7D67-461F-A995-6E4DB459457E}.Ad-Hoc|iPhoneSimulator.Deploy.0 = Ad-Hoc|iPhoneSimulator
		{6A8C6C70-7D67-461F-A995-6E4DB459457E}.Ad-Hoc|Mixed Platforms.ActiveCfg = Ad-Hoc|iPhone
		{6A8C6C70-7D67-461F-A995-6E4DB459457E}.Ad-Hoc|Mixed Platforms.Build.0 = Ad-Hoc|iPhone
		{6A8C6C70-7D67-461F-A995-6E4DB459457E}.Ad-Hoc|Mixed Platforms.Deploy.0 = Ad-Hoc|iPhone
		{6A8C6C70-7D67-461F-A995-6E4DB459457E}.Ad-Hoc|x86.ActiveCfg = Ad-Hoc|iPhone
		{6A8C6C70-7D67-461F-A995-6E4DB459457E}.AppStore|Any CPU.ActiveCfg = AppStore|iPhone
		{6A8C6C70-7D67-461F-A995-6E4DB459457E}.AppStore|ARM.ActiveCfg = AppStore|iPhone
		{6A8C6C70-7D67-461F-A995-6E4DB459457E}.AppStore|iPhone.ActiveCfg = AppStore|iPhone
		{6A8C6C70-7D67-461F-A995-6E4DB459457E}.AppStore|iPhone.Build.0 = AppStore|iPhone
		{6A8C6C70-7D67-461F-A995-6E4DB459457E}.AppStore|iPhone.Deploy.0 = AppStore|iPhone
		{6A8C6C70-7D67-461F-A995-6E4DB459457E}.AppStore|iPhoneSimulator.ActiveCfg = AppStore|iPhoneSimulator
		{6A8C6C70-7D67-461F-A995-6E4DB459457E}.AppStore|iPhoneSimulator.Build.0 = AppStore|iPhoneSimulator
		{6A8C6C70-7D67-461F-A995-6E4DB459457E}.AppStore|iPhoneSimulator.Deploy.0 = AppStore|iPhoneSimulator
		{6A8C6C70-7D67-461F-A995-6E4DB459457E}.AppStore|Mixed Platforms.ActiveCfg = AppStore|iPhone
		{6A8C6C70-7D67-461F-A995-6E4DB459457E}.AppStore|Mixed Platforms.Build.0 = AppStore|iPhone
		{6A8C6C70-7D67-461F-A995-6E4DB459457E}.AppStore|Mixed Platforms.Deploy.0 = AppStore|iPhone
		{6A8C6C70-7D67-461F-A995-6E4DB459457E}.AppStore|x86.ActiveCfg = AppStore|iPhone
		{6A8C6C70-7D67-461F-A995-6E4DB459457E}.Debug|Any CPU.ActiveCfg = Debug|iPhone
		{6A8C6C70-7D67-461F-A995-6E4DB459457E}.Debug|ARM.ActiveCfg = Debug|iPhone
		{6A8C6C70-7D67-461F-A995-6E4DB459457E}.Debug|iPhone.ActiveCfg = Debug|iPhone
		{6A8C6C70-7D67-461F-A995-6E4DB459457E}.Debug|iPhone.Build.0 = Debug|iPhone
		{6A8C6C70-7D67-461F-A995-6E4DB459457E}.Debug|iPhone.Deploy.0 = Debug|iPhone
		{6A8C6C70-7D67-461F-A995-6E4DB459457E}.Debug|iPhoneSimulator.ActiveCfg = Debug|iPhoneSimulator
		{6A8C6C70-7D67-461F-A995-6E4DB459457E}.Debug|iPhoneSimulator.Build.0 = Debug|iPhoneSimulator
		{6A8C6C70-7D67-461F-A995-6E4DB459457E}.Debug|iPhoneSimulator.Deploy.0 = Debug|iPhoneSimulator
		{6A8C6C70-7D67-461F-A995-6E4DB459457E}.Debug|Mixed Platforms.ActiveCfg = Debug|iPhone
		{6A8C6C70-7D67-461F-A995-6E4DB459457E}.Debug|Mixed Platforms.Build.0 = Debug|iPhone
		{6A8C6C70-7D67-461F-A995-6E4DB459457E}.Debug|Mixed Platforms.Deploy.0 = Debug|iPhone
		{6A8C6C70-7D67-461F-A995-6E4DB459457E}.Debug|x86.ActiveCfg = Debug|iPhone
		{6A8C6C70-7D67-461F-A995-6E4DB459457E}.Release|Any CPU.ActiveCfg = Release|iPhone
		{6A8C6C70-7D67-461F-A995-6E4DB459457E}.Release|ARM.ActiveCfg = Release|iPhone
		{6A8C6C70-7D67-461F-A995-6E4DB459457E}.Release|iPhone.ActiveCfg = Release|iPhone
		{6A8C6C70-7D67-461F-A995-6E4DB459457E}.Release|iPhone.Build.0 = Release|iPhone
		{6A8C6C70-7D67-461F-A995-6E4DB459457E}.Release|iPhone.Deploy.0 = Release|iPhone
		{6A8C6C70-7D67-461F-A995-6E4DB459457E}.Release|iPhoneSimulator.ActiveCfg = Release|iPhoneSimulator
		{6A8C6C70-7D67-461F-A995-6E4DB459457E}.Release|iPhoneSimulator.Build.0 = Release|iPhoneSimulator
		{6A8C6C70-7D67-461F-A995-6E4DB459457E}.Release|iPhoneSimulator.Deploy.0 = Release|iPhoneSimulator
		{6A8C6C70-7D67-461F-A995-6E4DB459457E}.Release|Mixed Platforms.ActiveCfg = Release|iPhone
		{6A8C6C70-7D67-461F-A995-6E4DB459457E}.Release|Mixed Platforms.Build.0 = Release|iPhone
		{6A8C6C70-7D67-461F-A995-6E4DB459457E}.Release|Mixed Platforms.Deploy.0 = Release|iPhone
		{6A8C6C70-7D67-461F-A995-6E4DB459457E}.Release|x86.ActiveCfg = Release|iPhone
		{5053FFF8-C725-4F34-AD5E-B79CECC5EFCF}.Ad-Hoc|Any CPU.ActiveCfg = Release|Any CPU
		{5053FFF8-C725-4F34-AD5E-B79CECC5EFCF}.Ad-Hoc|Any CPU.Build.0 = Release|Any CPU
		{5053FFF8-C725-4F34-AD5E-B79CECC5EFCF}.Ad-Hoc|Any CPU.Deploy.0 = Release|Any CPU
		{5053FFF8-C725-4F34-AD5E-B79CECC5EFCF}.Ad-Hoc|ARM.ActiveCfg = Release|ARM
		{5053FFF8-C725-4F34-AD5E-B79CECC5EFCF}.Ad-Hoc|ARM.Build.0 = Release|ARM
		{5053FFF8-C725-4F34-AD5E-B79CECC5EFCF}.Ad-Hoc|ARM.Deploy.0 = Release|ARM
		{5053FFF8-C725-4F34-AD5E-B79CECC5EFCF}.Ad-Hoc|iPhone.ActiveCfg = Release|Any CPU
		{5053FFF8-C725-4F34-AD5E-B79CECC5EFCF}.Ad-Hoc|iPhoneSimulator.ActiveCfg = Release|Any CPU
		{5053FFF8-C725-4F34-AD5E-B79CECC5EFCF}.Ad-Hoc|Mixed Platforms.ActiveCfg = Release|x86
		{5053FFF8-C725-4F34-AD5E-B79CECC5EFCF}.Ad-Hoc|Mixed Platforms.Build.0 = Release|x86
		{5053FFF8-C725-4F34-AD5E-B79CECC5EFCF}.Ad-Hoc|Mixed Platforms.Deploy.0 = Release|x86
		{5053FFF8-C725-4F34-AD5E-B79CECC5EFCF}.Ad-Hoc|x86.ActiveCfg = Release|x86
		{5053FFF8-C725-4F34-AD5E-B79CECC5EFCF}.Ad-Hoc|x86.Build.0 = Release|x86
		{5053FFF8-C725-4F34-AD5E-B79CECC5EFCF}.Ad-Hoc|x86.Deploy.0 = Release|x86
		{5053FFF8-C725-4F34-AD5E-B79CECC5EFCF}.AppStore|Any CPU.ActiveCfg = Release|Any CPU
		{5053FFF8-C725-4F34-AD5E-B79CECC5EFCF}.AppStore|Any CPU.Build.0 = Release|Any CPU
		{5053FFF8-C725-4F34-AD5E-B79CECC5EFCF}.AppStore|Any CPU.Deploy.0 = Release|Any CPU
		{5053FFF8-C725-4F34-AD5E-B79CECC5EFCF}.AppStore|ARM.ActiveCfg = Release|ARM
		{5053FFF8-C725-4F34-AD5E-B79CECC5EFCF}.AppStore|ARM.Build.0 = Release|ARM
		{5053FFF8-C725-4F34-AD5E-B79CECC5EFCF}.AppStore|ARM.Deploy.0 = Release|ARM
		{5053FFF8-C725-4F34-AD5E-B79CECC5EFCF}.AppStore|iPhone.ActiveCfg = Release|Any CPU
		{5053FFF8-C725-4F34-AD5E-B79CECC5EFCF}.AppStore|iPhoneSimulator.ActiveCfg = Release|Any CPU
		{5053FFF8-C725-4F34-AD5E-B79CECC5EFCF}.AppStore|Mixed Platforms.ActiveCfg = Release|x86
		{5053FFF8-C725-4F34-AD5E-B79CECC5EFCF}.AppStore|Mixed Platforms.Build.0 = Release|x86
		{5053FFF8-C725-4F34-AD5E-B79CECC5EFCF}.AppStore|Mixed Platforms.Deploy.0 = Release|x86
		{5053FFF8-C725-4F34-AD5E-B79CECC5EFCF}.AppStore|x86.ActiveCfg = Release|x86
		{5053FFF8-C725-4F34-AD5E-B79CECC5EFCF}.AppStore|x86.Build.0 = Release|x86
		{5053FFF8-C725-4F34-AD5E-B79CECC5EFCF}.AppStore|x86.Deploy.0 = Release|x86
		{5053FFF8-C725-4F34-AD5E-B79CECC5EFCF}.Debug|Any CPU.ActiveCfg = Debug|Any CPU
		{5053FFF8-C725-4F34-AD5E-B79CECC5EFCF}.Debug|Any CPU.Build.0 = Debug|Any CPU
		{5053FFF8-C725-4F34-AD5E-B79CECC5EFCF}.Debug|Any CPU.Deploy.0 = Debug|Any CPU
		{5053FFF8-C725-4F34-AD5E-B79CECC5EFCF}.Debug|ARM.ActiveCfg = Debug|ARM
		{5053FFF8-C725-4F34-AD5E-B79CECC5EFCF}.Debug|ARM.Build.0 = Debug|ARM
		{5053FFF8-C725-4F34-AD5E-B79CECC5EFCF}.Debug|ARM.Deploy.0 = Debug|ARM
		{5053FFF8-C725-4F34-AD5E-B79CECC5EFCF}.Debug|iPhone.ActiveCfg = Debug|Any CPU
		{5053FFF8-C725-4F34-AD5E-B79CECC5EFCF}.Debug|iPhoneSimulator.ActiveCfg = Debug|Any CPU
		{5053FFF8-C725-4F34-AD5E-B79CECC5EFCF}.Debug|Mixed Platforms.ActiveCfg = Debug|x86
		{5053FFF8-C725-4F34-AD5E-B79CECC5EFCF}.Debug|Mixed Platforms.Build.0 = Debug|x86
		{5053FFF8-C725-4F34-AD5E-B79CECC5EFCF}.Debug|Mixed Platforms.Deploy.0 = Debug|x86
		{5053FFF8-C725-4F34-AD5E-B79CECC5EFCF}.Debug|x86.ActiveCfg = Debug|x86
		{5053FFF8-C725-4F34-AD5E-B79CECC5EFCF}.Debug|x86.Build.0 = Debug|x86
		{5053FFF8-C725-4F34-AD5E-B79CECC5EFCF}.Debug|x86.Deploy.0 = Debug|x86
		{5053FFF8-C725-4F34-AD5E-B79CECC5EFCF}.Release|Any CPU.ActiveCfg = Release|Any CPU
		{5053FFF8-C725-4F34-AD5E-B79CECC5EFCF}.Release|Any CPU.Build.0 = Release|Any CPU
		{5053FFF8-C725-4F34-AD5E-B79CECC5EFCF}.Release|Any CPU.Deploy.0 = Release|Any CPU
		{5053FFF8-C725-4F34-AD5E-B79CECC5EFCF}.Release|ARM.ActiveCfg = Release|ARM
		{5053FFF8-C725-4F34-AD5E-B79CECC5EFCF}.Release|ARM.Build.0 = Release|ARM
		{5053FFF8-C725-4F34-AD5E-B79CECC5EFCF}.Release|ARM.Deploy.0 = Release|ARM
		{5053FFF8-C725-4F34-AD5E-B79CECC5EFCF}.Release|iPhone.ActiveCfg = Release|Any CPU
		{5053FFF8-C725-4F34-AD5E-B79CECC5EFCF}.Release|iPhoneSimulator.ActiveCfg = Release|Any CPU
		{5053FFF8-C725-4F34-AD5E-B79CECC5EFCF}.Release|Mixed Platforms.ActiveCfg = Release|x86
		{5053FFF8-C725-4F34-AD5E-B79CECC5EFCF}.Release|Mixed Platforms.Build.0 = Release|x86
		{5053FFF8-C725-4F34-AD5E-B79CECC5EFCF}.Release|Mixed Platforms.Deploy.0 = Release|x86
		{5053FFF8-C725-4F34-AD5E-B79CECC5EFCF}.Release|x86.ActiveCfg = Release|x86
		{5053FFF8-C725-4F34-AD5E-B79CECC5EFCF}.Release|x86.Build.0 = Release|x86
		{5053FFF8-C725-4F34-AD5E-B79CECC5EFCF}.Release|x86.Deploy.0 = Release|x86
		{9F1A1E00-D90F-469F-A432-8231F2C459DD}.Ad-Hoc|Any CPU.ActiveCfg = Debug|Any CPU
		{9F1A1E00-D90F-469F-A432-8231F2C459DD}.Ad-Hoc|Any CPU.Build.0 = Debug|Any CPU
		{9F1A1E00-D90F-469F-A432-8231F2C459DD}.Ad-Hoc|ARM.ActiveCfg = Debug|Any CPU
		{9F1A1E00-D90F-469F-A432-8231F2C459DD}.Ad-Hoc|ARM.Build.0 = Debug|Any CPU
		{9F1A1E00-D90F-469F-A432-8231F2C459DD}.Ad-Hoc|iPhone.ActiveCfg = Debug|Any CPU
		{9F1A1E00-D90F-469F-A432-8231F2C459DD}.Ad-Hoc|iPhone.Build.0 = Debug|Any CPU
		{9F1A1E00-D90F-469F-A432-8231F2C459DD}.Ad-Hoc|iPhoneSimulator.ActiveCfg = Debug|Any CPU
		{9F1A1E00-D90F-469F-A432-8231F2C459DD}.Ad-Hoc|iPhoneSimulator.Build.0 = Debug|Any CPU
		{9F1A1E00-D90F-469F-A432-8231F2C459DD}.Ad-Hoc|Mixed Platforms.ActiveCfg = Debug|Any CPU
		{9F1A1E00-D90F-469F-A432-8231F2C459DD}.Ad-Hoc|Mixed Platforms.Build.0 = Debug|Any CPU
		{9F1A1E00-D90F-469F-A432-8231F2C459DD}.Ad-Hoc|x86.ActiveCfg = Debug|Any CPU
		{9F1A1E00-D90F-469F-A432-8231F2C459DD}.Ad-Hoc|x86.Build.0 = Debug|Any CPU
		{9F1A1E00-D90F-469F-A432-8231F2C459DD}.AppStore|Any CPU.ActiveCfg = Debug|Any CPU
		{9F1A1E00-D90F-469F-A432-8231F2C459DD}.AppStore|Any CPU.Build.0 = Debug|Any CPU
		{9F1A1E00-D90F-469F-A432-8231F2C459DD}.AppStore|ARM.ActiveCfg = Debug|Any CPU
		{9F1A1E00-D90F-469F-A432-8231F2C459DD}.AppStore|ARM.Build.0 = Debug|Any CPU
		{9F1A1E00-D90F-469F-A432-8231F2C459DD}.AppStore|iPhone.ActiveCfg = Debug|Any CPU
		{9F1A1E00-D90F-469F-A432-8231F2C459DD}.AppStore|iPhone.Build.0 = Debug|Any CPU
		{9F1A1E00-D90F-469F-A432-8231F2C459DD}.AppStore|iPhoneSimulator.ActiveCfg = Debug|Any CPU
		{9F1A1E00-D90F-469F-A432-8231F2C459DD}.AppStore|iPhoneSimulator.Build.0 = Debug|Any CPU
		{9F1A1E00-D90F-469F-A432-8231F2C459DD}.AppStore|Mixed Platforms.ActiveCfg = Debug|Any CPU
		{9F1A1E00-D90F-469F-A432-8231F2C459DD}.AppStore|Mixed Platforms.Build.0 = Debug|Any CPU
		{9F1A1E00-D90F-469F-A432-8231F2C459DD}.AppStore|x86.ActiveCfg = Debug|Any CPU
		{9F1A1E00-D90F-469F-A432-8231F2C459DD}.AppStore|x86.Build.0 = Debug|Any CPU
		{9F1A1E00-D90F-469F-A432-8231F2C459DD}.Debug|Any CPU.ActiveCfg = Debug|Any CPU
		{9F1A1E00-D90F-469F-A432-8231F2C459DD}.Debug|Any CPU.Build.0 = Debug|Any CPU
		{9F1A1E00-D90F-469F-A432-8231F2C459DD}.Debug|ARM.ActiveCfg = Debug|Any CPU
		{9F1A1E00-D90F-469F-A432-8231F2C459DD}.Debug|ARM.Build.0 = Debug|Any CPU
		{9F1A1E00-D90F-469F-A432-8231F2C459DD}.Debug|iPhone.ActiveCfg = Debug|Any CPU
		{9F1A1E00-D90F-469F-A432-8231F2C459DD}.Debug|iPhone.Build.0 = Debug|Any CPU
		{9F1A1E00-D90F-469F-A432-8231F2C459DD}.Debug|iPhoneSimulator.ActiveCfg = Debug|Any CPU
		{9F1A1E00-D90F-469F-A432-8231F2C459DD}.Debug|iPhoneSimulator.Build.0 = Debug|Any CPU
		{9F1A1E00-D90F-469F-A432-8231F2C459DD}.Debug|Mixed Platforms.ActiveCfg = Debug|Any CPU
		{9F1A1E00-D90F-469F-A432-8231F2C459DD}.Debug|Mixed Platforms.Build.0 = Debug|Any CPU
		{9F1A1E00-D90F-469F-A432-8231F2C459DD}.Debug|x86.ActiveCfg = Debug|Any CPU
		{9F1A1E00-D90F-469F-A432-8231F2C459DD}.Debug|x86.Build.0 = Debug|Any CPU
		{9F1A1E00-D90F-469F-A432-8231F2C459DD}.Release|Any CPU.ActiveCfg = Release|Any CPU
		{9F1A1E00-D90F-469F-A432-8231F2C459DD}.Release|Any CPU.Build.0 = Release|Any CPU
		{9F1A1E00-D90F-469F-A432-8231F2C459DD}.Release|ARM.ActiveCfg = Release|Any CPU
		{9F1A1E00-D90F-469F-A432-8231F2C459DD}.Release|ARM.Build.0 = Release|Any CPU
		{9F1A1E00-D90F-469F-A432-8231F2C459DD}.Release|iPhone.ActiveCfg = Release|Any CPU
		{9F1A1E00-D90F-469F-A432-8231F2C459DD}.Release|iPhone.Build.0 = Release|Any CPU
		{9F1A1E00-D90F-469F-A432-8231F2C459DD}.Release|iPhoneSimulator.ActiveCfg = Release|Any CPU
		{9F1A1E00-D90F-469F-A432-8231F2C459DD}.Release|iPhoneSimulator.Build.0 = Release|Any CPU
		{9F1A1E00-D90F-469F-A432-8231F2C459DD}.Release|Mixed Platforms.ActiveCfg = Release|Any CPU
		{9F1A1E00-D90F-469F-A432-8231F2C459DD}.Release|Mixed Platforms.Build.0 = Release|Any CPU
		{9F1A1E00-D90F-469F-A432-8231F2C459DD}.Release|x86.ActiveCfg = Release|Any CPU
		{9F1A1E00-D90F-469F-A432-8231F2C459DD}.Release|x86.Build.0 = Release|Any CPU
	EndGlobalSection
	GlobalSection(SolutionProperties) = preSolution
		HideSolutionNode = FALSE
	EndGlobalSection
	GlobalSection(MonoDevelopProperties) = preSolution
		Policies = $0
		$0.DotNetNamingPolicy = $1
		$1.DirectoryNamespaceAssociation = None
		$1.ResourceNamePolicy = FileFormatDefault
		$0.TextStylePolicy = $2
		$2.inheritsSet = VisualStudio
		$2.inheritsScope = text/plain
		$2.scope = text/x-csharp
		$0.CSharpFormattingPolicy = $3
		$3.IndentSwitchBody = True
		$3.IndentBlocksInsideExpressions = True
		$3.AnonymousMethodBraceStyle = NextLine
		$3.PropertyBraceStyle = NextLine
		$3.PropertyGetBraceStyle = NextLine
		$3.PropertySetBraceStyle = NextLine
		$3.EventBraceStyle = NextLine
		$3.EventAddBraceStyle = NextLine
		$3.EventRemoveBraceStyle = NextLine
		$3.StatementBraceStyle = NextLine
		$3.ElseNewLinePlacement = NewLine
		$3.CatchNewLinePlacement = NewLine
		$3.FinallyNewLinePlacement = NewLine
		$3.WhileNewLinePlacement = DoNotCare
		$3.ArrayInitializerWrapping = DoNotChange
		$3.ArrayInitializerBraceStyle = NextLine
		$3.BeforeMethodDeclarationParentheses = False
		$3.BeforeMethodCallParentheses = False
		$3.BeforeConstructorDeclarationParentheses = False
		$3.NewLineBeforeConstructorInitializerColon = NewLine
		$3.NewLineAfterConstructorInitializerColon = SameLine
		$3.BeforeDelegateDeclarationParentheses = False
		$3.NewParentheses = False
		$3.SpacesBeforeBrackets = False
		$3.inheritsSet = Mono
		$3.inheritsScope = text/x-csharp
		$3.scope = text/x-csharp
		$3.IndentSwitchSection = True
		$3.NewLinesForBracesInProperties = True
		$3.NewLinesForBracesInAccessors = True
		$3.NewLinesForBracesInAnonymousMethods = True
		$3.NewLinesForBracesInControlBlocks = True
		$3.NewLinesForBracesInAnonymousTypes = True
		$3.NewLinesForBracesInObjectCollectionArrayInitializers = True
		$3.NewLinesForBracesInLambdaExpressionBody = True
		$3.NewLineForElse = True
		$3.NewLineForCatch = True
		$3.NewLineForFinally = True
		$3.NewLineForMembersInObjectInit = True
		$3.NewLineForMembersInAnonymousTypes = True
		$3.NewLineForClausesInQuery = True
		$3.SpacingAfterMethodDeclarationName = False
		$3.SpaceAfterMethodCallName = False
		$3.SpaceBeforeOpenSquareBracket = False
	EndGlobalSection
EndGlobal
